// !$*UTF8*$!
{
	archiveVersion = 1;
	classes = {
	};
	objectVersion = 56;
	objects = {

/* Begin PBXBuildFile section */
		0D5D3C6E28E8A17600B46EB5 /* StrategyPatternApp.swift in Sources */ = {isa = PBXBuildFile; fileRef = 0D5D3C6D28E8A17600B46EB5 /* StrategyPatternApp.swift */; };
		0D5D3C7028E8A17600B46EB5 /* ContentView.swift in Sources */ = {isa = PBXBuildFile; fileRef = 0D5D3C6F28E8A17600B46EB5 /* ContentView.swift */; };
		0D5D3C7228E8A17600B46EB5 /* Assets.xcassets in Resources */ = {isa = PBXBuildFile; fileRef = 0D5D3C7128E8A17600B46EB5 /* Assets.xcassets */; };
		0D5D3C7628E8A17600B46EB5 /* Preview Assets.xcassets in Resources */ = {isa = PBXBuildFile; fileRef = 0D5D3C7528E8A17600B46EB5 /* Preview Assets.xcassets */; };
		0D5D3C8028E8A17600B46EB5 /* StrategyPatternTests.swift in Sources */ = {isa = PBXBuildFile; fileRef = 0D5D3C7F28E8A17600B46EB5 /* StrategyPatternTests.swift */; };
		0D5D3C8A28E8A17700B46EB5 /* StrategyPatternUITests.swift in Sources */ = {isa = PBXBuildFile; fileRef = 0D5D3C8928E8A17700B46EB5 /* StrategyPatternUITests.swift */; };
		0D5D3C8C28E8A17700B46EB5 /* StrategyPatternUITestsLaunchTests.swift in Sources */ = {isa = PBXBuildFile; fileRef = 0D5D3C8B28E8A17700B46EB5 /* StrategyPatternUITestsLaunchTests.swift */; };
		0D5D3C9928E8A22A00B46EB5 /* Calculator.swift in Sources */ = {isa = PBXBuildFile; fileRef = 0D5D3C9828E8A22A00B46EB5 /* Calculator.swift */; };
		0D5D3C9B28E8A26D00B46EB5 /* StrategyCalculator.swift in Sources */ = {isa = PBXBuildFile; fileRef = 0D5D3C9A28E8A26D00B46EB5 /* StrategyCalculator.swift */; };
		0D5D3C9D28E8A2B200B46EB5 /* SumStrategy.swift in Sources */ = {isa = PBXBuildFile; fileRef = 0D5D3C9C28E8A2B200B46EB5 /* SumStrategy.swift */; };
		0D5D3C9F28E8A2C300B46EB5 /* SubtractionStrategy.swift in Sources */ = {isa = PBXBuildFile; fileRef = 0D5D3C9E28E8A2C300B46EB5 /* SubtractionStrategy.swift */; };
		0D5D3CA128E8A2DB00B46EB5 /* DivisionStrategy.swift in Sources */ = {isa = PBXBuildFile; fileRef = 0D5D3CA028E8A2DB00B46EB5 /* DivisionStrategy.swift */; };
		0D5D3CA328E8A2F000B46EB5 /* MultiplicationStrategy.swift in Sources */ = {isa = PBXBuildFile; fileRef = 0D5D3CA228E8A2F000B46EB5 /* MultiplicationStrategy.swift */; };
		0D5D3CA528E8A3E300B46EB5 /* CalcModel.swift in Sources */ = {isa = PBXBuildFile; fileRef = 0D5D3CA428E8A3E300B46EB5 /* CalcModel.swift */; };
/* End PBXBuildFile section */

/* Begin PBXContainerItemProxy section */
		0D5D3C7C28E8A17600B46EB5 /* PBXContainerItemProxy */ = {
			isa = PBXContainerItemProxy;
			containerPortal = 0D5D3C6228E8A17500B46EB5 /* Project object */;
			proxyType = 1;
			remoteGlobalIDString = 0D5D3C6928E8A17500B46EB5;
			remoteInfo = StrategyPattern;
		};
		0D5D3C8628E8A17700B46EB5 /* PBXContainerItemProxy */ = {
			isa = PBXContainerItemProxy;
			containerPortal = 0D5D3C6228E8A17500B46EB5 /* Project object */;
			proxyType = 1;
			remoteGlobalIDString = 0D5D3C6928E8A17500B46EB5;
			remoteInfo = StrategyPattern;
		};
/* End PBXContainerItemProxy section */

/* Begin PBXFileReference section */
		0D5D3C6A28E8A17600B46EB5 /* StrategyPattern.app */ = {isa = PBXFileReference; explicitFileType = wrapper.application; includeInIndex = 0; path = StrategyPattern.app; sourceTree = BUILT_PRODUCTS_DIR; };
		0D5D3C6D28E8A17600B46EB5 /* StrategyPatternApp.swift */ = {isa = PBXFileReference; lastKnownFileType = sourcecode.swift; path = StrategyPatternApp.swift; sourceTree = "<group>"; };
		0D5D3C6F28E8A17600B46EB5 /* ContentView.swift */ = {isa = PBXFileReference; lastKnownFileType = sourcecode.swift; path = ContentView.swift; sourceTree = "<group>"; };
		0D5D3C7128E8A17600B46EB5 /* Assets.xcassets */ = {isa = PBXFileReference; lastKnownFileType = folder.assetcatalog; path = Assets.xcassets; sourceTree = "<group>"; };
		0D5D3C7328E8A17600B46EB5 /* StrategyPattern.entitlements */ = {isa = PBXFileReference; lastKnownFileType = text.plist.entitlements; path = StrategyPattern.entitlements; sourceTree = "<group>"; };
		0D5D3C7528E8A17600B46EB5 /* Preview Assets.xcassets */ = {isa = PBXFileReference; lastKnownFileType = folder.assetcatalog; path = "Preview Assets.xcassets"; sourceTree = "<group>"; };
		0D5D3C7B28E8A17600B46EB5 /* StrategyPatternTests.xctest */ = {isa = PBXFileReference; explicitFileType = wrapper.cfbundle; includeInIndex = 0; path = StrategyPatternTests.xctest; sourceTree = BUILT_PRODUCTS_DIR; };
		0D5D3C7F28E8A17600B46EB5 /* StrategyPatternTests.swift */ = {isa = PBXFileReference; lastKnownFileType = sourcecode.swift; path = StrategyPatternTests.swift; sourceTree = "<group>"; };
		0D5D3C8528E8A17700B46EB5 /* StrategyPatternUITests.xctest */ = {isa = PBXFileReference; explicitFileType = wrapper.cfbundle; includeInIndex = 0; path = StrategyPatternUITests.xctest; sourceTree = BUILT_PRODUCTS_DIR; };
		0D5D3C8928E8A17700B46EB5 /* StrategyPatternUITests.swift */ = {isa = PBXFileReference; lastKnownFileType = sourcecode.swift; path = StrategyPatternUITests.swift; sourceTree = "<group>"; };
		0D5D3C8B28E8A17700B46EB5 /* StrategyPatternUITestsLaunchTests.swift */ = {isa = PBXFileReference; lastKnownFileType = sourcecode.swift; path = StrategyPatternUITestsLaunchTests.swift; sourceTree = "<group>"; };
		0D5D3C9828E8A22A00B46EB5 /* Calculator.swift */ = {isa = PBXFileReference; lastKnownFileType = sourcecode.swift; path = Calculator.swift; sourceTree = "<group>"; };
		0D5D3C9A28E8A26D00B46EB5 /* StrategyCalculator.swift */ = {isa = PBXFileReference; lastKnownFileType = sourcecode.swift; path = StrategyCalculator.swift; sourceTree = "<group>"; };
		0D5D3C9C28E8A2B200B46EB5 /* SumStrategy.swift */ = {isa = PBXFileReference; lastKnownFileType = sourcecode.swift; path = SumStrategy.swift; sourceTree = "<group>"; };
		0D5D3C9E28E8A2C300B46EB5 /* SubtractionStrategy.swift */ = {isa = PBXFileReference; lastKnownFileType = sourcecode.swift; path = SubtractionStrategy.swift; sourceTree = "<group>"; };
		0D5D3CA028E8A2DB00B46EB5 /* DivisionStrategy.swift */ = {isa = PBXFileReference; lastKnownFileType = sourcecode.swift; path = DivisionStrategy.swift; sourceTree = "<group>"; };
		0D5D3CA228E8A2F000B46EB5 /* MultiplicationStrategy.swift */ = {isa = PBXFileReference; lastKnownFileType = sourcecode.swift; path = MultiplicationStrategy.swift; sourceTree = "<group>"; };
		0D5D3CA428E8A3E300B46EB5 /* CalcModel.swift */ = {isa = PBXFileReference; lastKnownFileType = sourcecode.swift; path = CalcModel.swift; sourceTree = "<group>"; };
/* End PBXFileReference section */

/* Begin PBXFrameworksBuildPhase section */
		0D5D3C6728E8A17500B46EB5 /* Frameworks */ = {
			isa = PBXFrameworksBuildPhase;
			buildActionMask = 2147483647;
			files = (
			);
			runOnlyForDeploymentPostprocessing = 0;
		};
		0D5D3C7828E8A17600B46EB5 /* Frameworks */ = {
			isa = PBXFrameworksBuildPhase;
			buildActionMask = 2147483647;
			files = (
			);
			runOnlyForDeploymentPostprocessing = 0;
		};
		0D5D3C8228E8A17700B46EB5 /* Frameworks */ = {
			isa = PBXFrameworksBuildPhase;
			buildActionMask = 2147483647;
			files = (
			);
			runOnlyForDeploymentPostprocessing = 0;
		};
/* End PBXFrameworksBuildPhase section */

/* Begin PBXGroup section */
		0D5D3C6128E8A17500B46EB5 = {
			isa = PBXGroup;
			children = (
				0D5D3C6C28E8A17600B46EB5 /* StrategyPattern */,
				0D5D3C7E28E8A17600B46EB5 /* StrategyPatternTests */,
				0D5D3C8828E8A17700B46EB5 /* StrategyPatternUITests */,
				0D5D3C6B28E8A17600B46EB5 /* Products */,
			);
			sourceTree = "<group>";
		};
		0D5D3C6B28E8A17600B46EB5 /* Products */ = {
			isa = PBXGroup;
			children = (
				0D5D3C6A28E8A17600B46EB5 /* StrategyPattern.app */,
				0D5D3C7B28E8A17600B46EB5 /* StrategyPatternTests.xctest */,
				0D5D3C8528E8A17700B46EB5 /* StrategyPatternUITests.xctest */,
			);
			name = Products;
			sourceTree = "<group>";
		};
		0D5D3C6C28E8A17600B46EB5 /* StrategyPattern */ = {
			isa = PBXGroup;
			children = (
				0D5D3C6D28E8A17600B46EB5 /* StrategyPatternApp.swift */,
				0D5D3C6F28E8A17600B46EB5 /* ContentView.swift */,
				0D5D3C7128E8A17600B46EB5 /* Assets.xcassets */,
				0D5D3C7328E8A17600B46EB5 /* StrategyPattern.entitlements */,
				0D5D3C7428E8A17600B46EB5 /* Preview Content */,
				0D5D3C9828E8A22A00B46EB5 /* Calculator.swift */,
				0D5D3CA428E8A3E300B46EB5 /* CalcModel.swift */,
				0D5D3C9A28E8A26D00B46EB5 /* StrategyCalculator.swift */,
				0D5D3C9C28E8A2B200B46EB5 /* SumStrategy.swift */,
				0D5D3C9E28E8A2C300B46EB5 /* SubtractionStrategy.swift */,
				0D5D3CA028E8A2DB00B46EB5 /* DivisionStrategy.swift */,
				0D5D3CA228E8A2F000B46EB5 /* MultiplicationStrategy.swift */,
			);
			path = StrategyPattern;
			sourceTree = "<group>";
		};
		0D5D3C7428E8A17600B46EB5 /* Preview Content */ = {
			isa = PBXGroup;
			children = (
				0D5D3C7528E8A17600B46EB5 /* Preview Assets.xcassets */,
			);
			path = "Preview Content";
			sourceTree = "<group>";
		};
		0D5D3C7E28E8A17600B46EB5 /* StrategyPatternTests */ = {
			isa = PBXGroup;
			children = (
				0D5D3C7F28E8A17600B46EB5 /* StrategyPatternTests.swift */,
			);
			path = StrategyPatternTests;
			sourceTree = "<group>";
		};
		0D5D3C8828E8A17700B46EB5 /* StrategyPatternUITests */ = {
			isa = PBXGroup;
			children = (
				0D5D3C8928E8A17700B46EB5 /* StrategyPatternUITests.swift */,
				0D5D3C8B28E8A17700B46EB5 /* StrategyPatternUITestsLaunchTests.swift */,
			);
			path = StrategyPatternUITests;
			sourceTree = "<group>";
		};
/* End PBXGroup section */

/* Begin PBXNativeTarget section */
		0D5D3C6928E8A17500B46EB5 /* StrategyPattern */ = {
			isa = PBXNativeTarget;
			buildConfigurationList = 0D5D3C8F28E8A17700B46EB5 /* Build configuration list for PBXNativeTarget "StrategyPattern" */;
			buildPhases = (
				0D5D3C6628E8A17500B46EB5 /* Sources */,
				0D5D3C6728E8A17500B46EB5 /* Frameworks */,
				0D5D3C6828E8A17500B46EB5 /* Resources */,
			);
			buildRules = (
			);
			dependencies = (
			);
			name = StrategyPattern;
			productName = StrategyPattern;
			productReference = 0D5D3C6A28E8A17600B46EB5 /* StrategyPattern.app */;
			productType = "com.apple.product-type.application";
		};
		0D5D3C7A28E8A17600B46EB5 /* StrategyPatternTests */ = {
			isa = PBXNativeTarget;
			buildConfigurationList = 0D5D3C9228E8A17700B46EB5 /* Build configuration list for PBXNativeTarget "StrategyPatternTests" */;
			buildPhases = (
				0D5D3C7728E8A17600B46EB5 /* Sources */,
				0D5D3C7828E8A17600B46EB5 /* Frameworks */,
				0D5D3C7928E8A17600B46EB5 /* Resources */,
			);
			buildRules = (
			);
			dependencies = (
				0D5D3C7D28E8A17600B46EB5 /* PBXTargetDependency */,
			);
			name = StrategyPatternTests;
			productName = StrategyPatternTests;
			productReference = 0D5D3C7B28E8A17600B46EB5 /* StrategyPatternTests.xctest */;
			productType = "com.apple.product-type.bundle.unit-test";
		};
		0D5D3C8428E8A17700B46EB5 /* StrategyPatternUITests */ = {
			isa = PBXNativeTarget;
			buildConfigurationList = 0D5D3C9528E8A17700B46EB5 /* Build configuration list for PBXNativeTarget "StrategyPatternUITests" */;
			buildPhases = (
				0D5D3C8128E8A17700B46EB5 /* Sources */,
				0D5D3C8228E8A17700B46EB5 /* Frameworks */,
				0D5D3C8328E8A17700B46EB5 /* Resources */,
			);
			buildRules = (
			);
			dependencies = (
				0D5D3C8728E8A17700B46EB5 /* PBXTargetDependency */,
			);
			name = StrategyPatternUITests;
			productName = StrategyPatternUITests;
			productReference = 0D5D3C8528E8A17700B46EB5 /* StrategyPatternUITests.xctest */;
			productType = "com.apple.product-type.bundle.ui-testing";
		};
/* End PBXNativeTarget section */

/* Begin PBXProject section */
		0D5D3C6228E8A17500B46EB5 /* Project object */ = {
			isa = PBXProject;
			attributes = {
				BuildIndependentTargetsInParallel = 1;
				LastSwiftUpdateCheck = 1400;
				LastUpgradeCheck = 1400;
				TargetAttributes = {
					0D5D3C6928E8A17500B46EB5 = {
						CreatedOnToolsVersion = 14.0.1;
					};
					0D5D3C7A28E8A17600B46EB5 = {
						CreatedOnToolsVersion = 14.0.1;
						TestTargetID = 0D5D3C6928E8A17500B46EB5;
					};
					0D5D3C8428E8A17700B46EB5 = {
						CreatedOnToolsVersion = 14.0.1;
						TestTargetID = 0D5D3C6928E8A17500B46EB5;
					};
				};
			};
			buildConfigurationList = 0D5D3C6528E8A17500B46EB5 /* Build configuration list for PBXProject "StrategyPattern" */;
			compatibilityVersion = "Xcode 14.0";
			developmentRegion = en;
			hasScannedForEncodings = 0;
			knownRegions = (
				en,
				Base,
			);
			mainGroup = 0D5D3C6128E8A17500B46EB5;
			productRefGroup = 0D5D3C6B28E8A17600B46EB5 /* Products */;
			projectDirPath = "";
			projectRoot = "";
			targets = (
				0D5D3C6928E8A17500B46EB5 /* StrategyPattern */,
				0D5D3C7A28E8A17600B46EB5 /* StrategyPatternTests */,
				0D5D3C8428E8A17700B46EB5 /* StrategyPatternUITests */,
			);
		};
/* End PBXProject section */

/* Begin PBXResourcesBuildPhase section */
		0D5D3C6828E8A17500B46EB5 /* Resources */ = {
			isa = PBXResourcesBuildPhase;
			buildActionMask = 2147483647;
			files = (
				0D5D3C7628E8A17600B46EB5 /* Preview Assets.xcassets in Resources */,
				0D5D3C7228E8A17600B46EB5 /* Assets.xcassets in Resources */,
			);
			runOnlyForDeploymentPostprocessing = 0;
		};
		0D5D3C7928E8A17600B46EB5 /* Resources */ = {
			isa = PBXResourcesBuildPhase;
			buildActionMask = 2147483647;
			files = (
			);
			runOnlyForDeploymentPostprocessing = 0;
		};
		0D5D3C8328E8A17700B46EB5 /* Resources */ = {
			isa = PBXResourcesBuildPhase;
			buildActionMask = 2147483647;
			files = (
			);
			runOnlyForDeploymentPostprocessing = 0;
		};
/* End PBXResourcesBuildPhase section */

/* Begin PBXSourcesBuildPhase section */
		0D5D3C6628E8A17500B46EB5 /* Sources */ = {
			isa = PBXSourcesBuildPhase;
			buildActionMask = 2147483647;
			files = (
				0D5D3CA328E8A2F000B46EB5 /* MultiplicationStrategy.swift in Sources */,
				0D5D3C9B28E8A26D00B46EB5 /* StrategyCalculator.swift in Sources */,
				0D5D3C9D28E8A2B200B46EB5 /* SumStrategy.swift in Sources */,
				0D5D3CA528E8A3E300B46EB5 /* CalcModel.swift in Sources */,
				0D5D3C9928E8A22A00B46EB5 /* Calculator.swift in Sources */,
				0D5D3C7028E8A17600B46EB5 /* ContentView.swift in Sources */,
				0D5D3C6E28E8A17600B46EB5 /* StrategyPatternApp.swift in Sources */,
				0D5D3C9F28E8A2C300B46EB5 /* SubtractionStrategy.swift in Sources */,
				0D5D3CA128E8A2DB00B46EB5 /* DivisionStrategy.swift in Sources */,
			);
			runOnlyForDeploymentPostprocessing = 0;
		};
		0D5D3C7728E8A17600B46EB5 /* Sources */ = {
			isa = PBXSourcesBuildPhase;
			buildActionMask = 2147483647;
			files = (
				0D5D3C8028E8A17600B46EB5 /* StrategyPatternTests.swift in Sources */,
			);
			runOnlyForDeploymentPostprocessing = 0;
		};
		0D5D3C8128E8A17700B46EB5 /* Sources */ = {
			isa = PBXSourcesBuildPhase;
			buildActionMask = 2147483647;
			files = (
				0D5D3C8C28E8A17700B46EB5 /* StrategyPatternUITestsLaunchTests.swift in Sources */,
				0D5D3C8A28E8A17700B46EB5 /* StrategyPatternUITests.swift in Sources */,
			);
			runOnlyForDeploymentPostprocessing = 0;
		};
/* End PBXSourcesBuildPhase section */

/* Begin PBXTargetDependency section */
		0D5D3C7D28E8A17600B46EB5 /* PBXTargetDependency */ = {
			isa = PBXTargetDependency;
			target = 0D5D3C6928E8A17500B46EB5 /* StrategyPattern */;
			targetProxy = 0D5D3C7C28E8A17600B46EB5 /* PBXContainerItemProxy */;
		};
		0D5D3C8728E8A17700B46EB5 /* PBXTargetDependency */ = {
			isa = PBXTargetDependency;
			target = 0D5D3C6928E8A17500B46EB5 /* StrategyPattern */;
			targetProxy = 0D5D3C8628E8A17700B46EB5 /* PBXContainerItemProxy */;
		};
/* End PBXTargetDependency section */

/* Begin XCBuildConfiguration section */
		0D5D3C8D28E8A17700B46EB5 /* Debug */ = {
			isa = XCBuildConfiguration;
			buildSettings = {
				ALWAYS_SEARCH_USER_PATHS = NO;
				CLANG_ANALYZER_NONNULL = YES;
				CLANG_ANALYZER_NUMBER_OBJECT_CONVERSION = YES_AGGRESSIVE;
				CLANG_CXX_LANGUAGE_STANDARD = "gnu++20";
				CLANG_ENABLE_MODULES = YES;
				CLANG_ENABLE_OBJC_ARC = YES;
				CLANG_ENABLE_OBJC_WEAK = YES;
				CLANG_WARN_BLOCK_CAPTURE_AUTORELEASING = YES;
				CLANG_WARN_BOOL_CONVERSION = YES;
				CLANG_WARN_COMMA = YES;
				CLANG_WARN_CONSTANT_CONVERSION = YES;
				CLANG_WARN_DEPRECATED_OBJC_IMPLEMENTATIONS = YES;
				CLANG_WARN_DIRECT_OBJC_ISA_USAGE = YES_ERROR;
				CLANG_WARN_DOCUMENTATION_COMMENTS = YES;
				CLANG_WARN_EMPTY_BODY = YES;
				CLANG_WARN_ENUM_CONVERSION = YES;
				CLANG_WARN_INFINITE_RECURSION = YES;
				CLANG_WARN_INT_CONVERSION = YES;
				CLANG_WARN_NON_LITERAL_NULL_CONVERSION = YES;
				CLANG_WARN_OBJC_IMPLICIT_RETAIN_SELF = YES;
				CLANG_WARN_OBJC_LITERAL_CONVERSION = YES;
				CLANG_WARN_OBJC_ROOT_CLASS = YES_ERROR;
				CLANG_WARN_QUOTED_INCLUDE_IN_FRAMEWORK_HEADER = YES;
				CLANG_WARN_RANGE_LOOP_ANALYSIS = YES;
				CLANG_WARN_STRICT_PROTOTYPES = YES;
				CLANG_WARN_SUSPICIOUS_MOVE = YES;
				CLANG_WARN_UNGUARDED_AVAILABILITY = YES_AGGRESSIVE;
				CLANG_WARN_UNREACHABLE_CODE = YES;
				CLANG_WARN__DUPLICATE_METHOD_MATCH = YES;
				COPY_PHASE_STRIP = NO;
				DEBUG_INFORMATION_FORMAT = dwarf;
				ENABLE_STRICT_OBJC_MSGSEND = YES;
				ENABLE_TESTABILITY = YES;
				GCC_C_LANGUAGE_STANDARD = gnu11;
				GCC_DYNAMIC_NO_PIC = NO;
				GCC_NO_COMMON_BLOCKS = YES;
				GCC_OPTIMIZATION_LEVEL = 0;
				GCC_PREPROCESSOR_DEFINITIONS = (
					"DEBUG=1",
					"$(inherited)",
				);
				GCC_WARN_64_TO_32_BIT_CONVERSION = YES;
				GCC_WARN_ABOUT_RETURN_TYPE = YES_ERROR;
				GCC_WARN_UNDECLARED_SELECTOR = YES;
				GCC_WARN_UNINITIALIZED_AUTOS = YES_AGGRESSIVE;
				GCC_WARN_UNUSED_FUNCTION = YES;
				GCC_WARN_UNUSED_VARIABLE = YES;
				MTL_ENABLE_DEBUG_INFO = INCLUDE_SOURCE;
				MTL_FAST_MATH = YES;
				ONLY_ACTIVE_ARCH = YES;
				SWIFT_ACTIVE_COMPILATION_CONDITIONS = DEBUG;
				SWIFT_OPTIMIZATION_LEVEL = "-Onone";
			};
			name = Debug;
		};
		0D5D3C8E28E8A17700B46EB5 /* Release */ = {
			isa = XCBuildConfiguration;
			buildSettings = {
				ALWAYS_SEARCH_USER_PATHS = NO;
				CLANG_ANALYZER_NONNULL = YES;
				CLANG_ANALYZER_NUMBER_OBJECT_CONVERSION = YES_AGGRESSIVE;
				CLANG_CXX_LANGUAGE_STANDARD = "gnu++20";
				CLANG_ENABLE_MODULES = YES;
				CLANG_ENABLE_OBJC_ARC = YES;
				CLANG_ENABLE_OBJC_WEAK = YES;
				CLANG_WARN_BLOCK_CAPTURE_AUTORELEASING = YES;
				CLANG_WARN_BOOL_CONVERSION = YES;
				CLANG_WARN_COMMA = YES;
				CLANG_WARN_CONSTANT_CONVERSION = YES;
				CLANG_WARN_DEPRECATED_OBJC_IMPLEMENTATIONS = YES;
				CLANG_WARN_DIRECT_OBJC_ISA_USAGE = YES_ERROR;
				CLANG_WARN_DOCUMENTATION_COMMENTS = YES;
				CLANG_WARN_EMPTY_BODY = YES;
				CLANG_WARN_ENUM_CONVERSION = YES;
				CLANG_WARN_INFINITE_RECURSION = YES;
				CLANG_WARN_INT_CONVERSION = YES;
				CLANG_WARN_NON_LITERAL_NULL_CONVERSION = YES;
				CLANG_WARN_OBJC_IMPLICIT_RETAIN_SELF = YES;
				CLANG_WARN_OBJC_LITERAL_CONVERSION = YES;
				CLANG_WARN_OBJC_ROOT_CLASS = YES_ERROR;
				CLANG_WARN_QUOTED_INCLUDE_IN_FRAMEWORK_HEADER = YES;
				CLANG_WARN_RANGE_LOOP_ANALYSIS = YES;
				CLANG_WARN_STRICT_PROTOTYPES = YES;
				CLANG_WARN_SUSPICIOUS_MOVE = YES;
				CLANG_WARN_UNGUARDED_AVAILABILITY = YES_AGGRESSIVE;
				CLANG_WARN_UNREACHABLE_CODE = YES;
				CLANG_WARN__DUPLICATE_METHOD_MATCH = YES;
				COPY_PHASE_STRIP = NO;
				DEBUG_INFORMATION_FORMAT = "dwarf-with-dsym";
				ENABLE_NS_ASSERTIONS = NO;
				ENABLE_STRICT_OBJC_MSGSEND = YES;
				GCC_C_LANGUAGE_STANDARD = gnu11;
				GCC_NO_COMMON_BLOCKS = YES;
				GCC_WARN_64_TO_32_BIT_CONVERSION = YES;
				GCC_WARN_ABOUT_RETURN_TYPE = YES_ERROR;
				GCC_WARN_UNDECLARED_SELECTOR = YES;
				GCC_WARN_UNINITIALIZED_AUTOS = YES_AGGRESSIVE;
				GCC_WARN_UNUSED_FUNCTION = YES;
				GCC_WARN_UNUSED_VARIABLE = YES;
				MTL_ENABLE_DEBUG_INFO = NO;
				MTL_FAST_MATH = YES;
				SWIFT_COMPILATION_MODE = wholemodule;
				SWIFT_OPTIMIZATION_LEVEL = "-O";
			};
			name = Release;
		};
		0D5D3C9028E8A17700B46EB5 /* Debug */ = {
			isa = XCBuildConfiguration;
			buildSettings = {
				ASSETCATALOG_COMPILER_APPICON_NAME = AppIcon;
				ASSETCATALOG_COMPILER_GLOBAL_ACCENT_COLOR_NAME = AccentColor;
				CODE_SIGN_ENTITLEMENTS = StrategyPattern/StrategyPattern.entitlements;
				CODE_SIGN_STYLE = Automatic;
				CURRENT_PROJECT_VERSION = 1;
				DEVELOPMENT_ASSET_PATHS = "\"StrategyPattern/Preview Content\"";
				DEVELOPMENT_TEAM = 6VK3M5YTM3;
				ENABLE_HARDENED_RUNTIME = YES;
				ENABLE_PREVIEWS = YES;
				GENERATE_INFOPLIST_FILE = YES;
				"INFOPLIST_KEY_UIApplicationSceneManifest_Generation[sdk=iphoneos*]" = YES;
				"INFOPLIST_KEY_UIApplicationSceneManifest_Generation[sdk=iphonesimulator*]" = YES;
				"INFOPLIST_KEY_UIApplicationSupportsIndirectInputEvents[sdk=iphoneos*]" = YES;
				"INFOPLIST_KEY_UIApplicationSupportsIndirectInputEvents[sdk=iphonesimulator*]" = YES;
				"INFOPLIST_KEY_UILaunchScreen_Generation[sdk=iphoneos*]" = YES;
				"INFOPLIST_KEY_UILaunchScreen_Generation[sdk=iphonesimulator*]" = YES;
				"INFOPLIST_KEY_UIStatusBarStyle[sdk=iphoneos*]" = UIStatusBarStyleDefault;
				"INFOPLIST_KEY_UIStatusBarStyle[sdk=iphonesimulator*]" = UIStatusBarStyleDefault;
				INFOPLIST_KEY_UISupportedInterfaceOrientations_iPad = "UIInterfaceOrientationPortrait UIInterfaceOrientationPortraitUpsideDown UIInterfaceOrientationLandscapeLeft UIInterfaceOrientationLandscapeRight";
				INFOPLIST_KEY_UISupportedInterfaceOrientations_iPhone = "UIInterfaceOrientationPortrait UIInterfaceOrientationLandscapeLeft UIInterfaceOrientationLandscapeRight";
				IPHONEOS_DEPLOYMENT_TARGET = 16.0;
				LD_RUNPATH_SEARCH_PATHS = "@executable_path/Frameworks";
				"LD_RUNPATH_SEARCH_PATHS[sdk=macosx*]" = "@executable_path/../Frameworks";
				MACOSX_DEPLOYMENT_TARGET = 12.3;
				MARKETING_VERSION = 1.0;
				PRODUCT_BUNDLE_IDENTIFIER = com.rrovaron.StrategyPattern;
				PRODUCT_NAME = "$(TARGET_NAME)";
				SDKROOT = auto;
				SUPPORTED_PLATFORMS = "iphoneos iphonesimulator macosx";
				SWIFT_EMIT_LOC_STRINGS = YES;
				SWIFT_VERSION = 5.0;
				TARGETED_DEVICE_FAMILY = "1,2";
			};
			name = Debug;
		};
		0D5D3C9128E8A17700B46EB5 /* Release */ = {
			isa = XCBuildConfiguration;
			buildSettings = {
				ASSETCATALOG_COMPILER_APPICON_NAME = AppIcon;
				ASSETCATALOG_COMPILER_GLOBAL_ACCENT_COLOR_NAME = AccentColor;
				CODE_SIGN_ENTITLEMENTS = StrategyPattern/StrategyPattern.entitlements;
				CODE_SIGN_STYLE = Automatic;
				CURRENT_PROJECT_VERSION = 1;
				DEVELOPMENT_ASSET_PATHS = "\"StrategyPattern/Preview Content\"";
				DEVELOPMENT_TEAM = 6VK3M5YTM3;
				ENABLE_HARDENED_RUNTIME = YES;
				ENABLE_PREVIEWS = YES;
				GENERATE_INFOPLIST_FILE = YES;
				"INFOPLIST_KEY_UIApplicationSceneManifest_Generation[sdk=iphoneos*]" = YES;
				"INFOPLIST_KEY_UIApplicationSceneManifest_Generation[sdk=iphonesimulator*]" = YES;
				"INFOPLIST_KEY_UIApplicationSupportsIndirectInputEvents[sdk=iphoneos*]" = YES;
				"INFOPLIST_KEY_UIApplicationSupportsIndirectInputEvents[sdk=iphonesimulator*]" = YES;
				"INFOPLIST_KEY_UILaunchScreen_Generation[sdk=iphoneos*]" = YES;
				"INFOPLIST_KEY_UILaunchScreen_Generation[sdk=iphonesimulator*]" = YES;
				"INFOPLIST_KEY_UIStatusBarStyle[sdk=iphoneos*]" = UIStatusBarStyleDefault;
				"INFOPLIST_KEY_UIStatusBarStyle[sdk=iphonesimulator*]" = UIStatusBarStyleDefault;
				INFOPLIST_KEY_UISupportedInterfaceOrientations_iPad = "UIInterfaceOrientationPortrait UIInterfaceOrientationPortraitUpsideDown UIInterfaceOrientationLandscapeLeft UIInterfaceOrientationLandscapeRight";
				INFOPLIST_KEY_UISupportedInterfaceOrientations_iPhone = "UIInterfaceOrientationPortrait UIInterfaceOrientationLandscapeLeft UIInterfaceOrientationLandscapeRight";
				IPHONEOS_DEPLOYMENT_TARGET = 16.0;
				LD_RUNPATH_SEARCH_PATHS = "@executable_path/Frameworks";
				"LD_RUNPATH_SEARCH_PATHS[sdk=macosx*]" = "@executable_path/../Frameworks";
				MACOSX_DEPLOYMENT_TARGET = 12.3;
				MARKETING_VERSION = 1.0;
				PRODUCT_BUNDLE_IDENTIFIER = com.rrovaron.StrategyPattern;
				PRODUCT_NAME = "$(TARGET_NAME)";
				SDKROOT = auto;
				SUPPORTED_PLATFORMS = "iphoneos iphonesimulator macosx";
				SWIFT_EMIT_LOC_STRINGS = YES;
				SWIFT_VERSION = 5.0;
				TARGETED_DEVICE_FAMILY = "1,2";
			};
			name = Release;
		};
		0D5D3C9328E8A17700B46EB5 /* Debug */ = {
			isa = XCBuildConfiguration;
			buildSettings = {
				ALWAYS_EMBED_SWIFT_STANDARD_LIBRARIES = YES;
				BUNDLE_LOADER = "$(TEST_HOST)";
				CODE_SIGN_STYLE = Automatic;
				CURRENT_PROJECT_VERSION = 1;
				DEVELOPMENT_TEAM = 6VK3M5YTM3;
				GENERATE_INFOPLIST_FILE = YES;
				IPHONEOS_DEPLOYMENT_TARGET = 16.0;
				MACOSX_DEPLOYMENT_TARGET = 12.3;
				MARKETING_VERSION = 1.0;
				PRODUCT_BUNDLE_IDENTIFIER = com.rrovaron.StrategyPatternTests;
				PRODUCT_NAME = "$(TARGET_NAME)";
				SDKROOT = auto;
				SUPPORTED_PLATFORMS = "iphoneos iphonesimulator macosx";
				SWIFT_EMIT_LOC_STRINGS = NO;
				SWIFT_VERSION = 5.0;
				TARGETED_DEVICE_FAMILY = "1,2";
				TEST_HOST = "$(BUILT_PRODUCTS_DIR)/StrategyPattern.app/$(BUNDLE_EXECUTABLE_FOLDER_PATH)/StrategyPattern";
			};
			name = Debug;
		};
		0D5D3C9428E8A17700B46EB5 /* Release */ = {
			isa = XCBuildConfiguration;
			buildSettings = {
				ALWAYS_EMBED_SWIFT_STANDARD_LIBRARIES = YES;
				BUNDLE_LOADER = "$(TEST_HOST)";
				CODE_SIGN_STYLE = Automatic;
				CURRENT_PROJECT_VERSION = 1;
				DEVELOPMENT_TEAM = 6VK3M5YTM3;
				GENERATE_INFOPLIST_FILE = YES;
				IPHONEOS_DEPLOYMENT_TARGET = 16.0;
				MACOSX_DEPLOYMENT_TARGET = 12.3;
				MARKETING_VERSION = 1.0;
				PRODUCT_BUNDLE_IDENTIFIER = com.rrovaron.StrategyPatternTests;
				PRODUCT_NAME = "$(TARGET_NAME)";
				SDKROOT = auto;
				SUPPORTED_PLATFORMS = "iphoneos iphonesimulator macosx";
				SWIFT_EMIT_LOC_STRINGS = NO;
				SWIFT_VERSION = 5.0;
				TARGETED_DEVICE_FAMILY = "1,2";
				TEST_HOST = "$(BUILT_PRODUCTS_DIR)/StrategyPattern.app/$(BUNDLE_EXECUTABLE_FOLDER_PATH)/StrategyPattern";
			};
			name = Release;
		};
		0D5D3C9628E8A17700B46EB5 /* Debug */ = {
			isa = XCBuildConfiguration;
			buildSettings = {
				ALWAYS_EMBED_SWIFT_STANDARD_LIBRARIES = YES;
				CODE_SIGN_STYLE = Automatic;
				CURRENT_PROJECT_VERSION = 1;
				DEVELOPMENT_TEAM = 6VK3M5YTM3;
				GENERATE_INFOPLIST_FILE = YES;
				IPHONEOS_DEPLOYMENT_TARGET = 16.0;
				MACOSX_DEPLOYMENT_TARGET = 12.3;
				MARKETING_VERSION = 1.0;
				PRODUCT_BUNDLE_IDENTIFIER = com.rrovaron.StrategyPatternUITests;
				PRODUCT_NAME = "$(TARGET_NAME)";
				SDKROOT = auto;
				SUPPORTED_PLATFORMS = "iphoneos iphonesimulator macosx";
				SWIFT_EMIT_LOC_STRINGS = NO;
				SWIFT_VERSION = 5.0;
				TARGETED_DEVICE_FAMILY = "1,2";
				TEST_TARGET_NAME = StrategyPattern;
			};
			name = Debug;
		};
		0D5D3C9728E8A17700B46EB5 /* Release */ = {
			isa = XCBuildConfiguration;
			buildSettings = {
				ALWAYS_EMBED_SWIFT_STANDARD_LIBRARIES = YES;
				CODE_SIGN_STYLE = Automatic;
				CURRENT_PROJECT_VERSION = 1;
				DEVELOPMENT_TEAM = 6VK3M5YTM3;
				GENERATE_INFOPLIST_FILE = YES;
				IPHONEOS_DEPLOYMENT_TARGET = 16.0;
				MACOSX_DEPLOYMENT_TARGET = 12.3;
				MARKETING_VERSION = 1.0;
				PRODUCT_BUNDLE_IDENTIFIER = com.rrovaron.StrategyPatternUITests;
				PRODUCT_NAME = "$(TARGET_NAME)";
				SDKROOT = auto;
				SUPPORTED_PLATFORMS = "iphoneos iphonesimulator macosx";
				SWIFT_EMIT_LOC_STRINGS = NO;
				SWIFT_VERSION = 5.0;
				TARGETED_DEVICE_FAMILY = "1,2";
				TEST_TARGET_NAME = StrategyPattern;
			};
			name = Release;
		};
/* End XCBuildConfiguration section */

/* Begin XCConfigurationList section */
		0D5D3C6528E8A17500B46EB5 /* Build configuration list for PBXProject "StrategyPattern" */ = {
			isa = XCConfigurationList;
			buildConfigurations = (
				0D5D3C8D28E8A17700B46EB5 /* Debug */,
				0D5D3C8E28E8A17700B46EB5 /* Release */,
			);
			defaultConfigurationIsVisible = 0;
			defaultConfigurationName = Release;
		};
		0D5D3C8F28E8A17700B46EB5 /* Build configuration list for PBXNativeTarget "StrategyPattern" */ = {
			isa = XCConfigurationList;
			buildConfigurations = (
				0D5D3C9028E8A17700B46EB5 /* Debug */,
				0D5D3C9128E8A17700B46EB5 /* Release */,
			);
			defaultConfigurationIsVisible = 0;
			defaultConfigurationName = Release;
		};
		0D5D3C9228E8A17700B46EB5 /* Build configuration list for PBXNativeTarget "StrategyPatternTests" */ = {
			isa = XCConfigurationList;
			buildConfigurations = (
				0D5D3C9328E8A17700B46EB5 /* Debug */,
				0D5D3C9428E8A17700B46EB5 /* Release */,
			);
			defaultConfigurationIsVisible = 0;
			defaultConfigurationName = Release;
		};
		0D5D3C9528E8A17700B46EB5 /* Build configuration list for PBXNativeTarget "StrategyPatternUITests" */ = {
			isa = XCConfigurationList;
			buildConfigurations = (
				0D5D3C9628E8A17700B46EB5 /* Debug */,
				0D5D3C9728E8A17700B46EB5 /* Release */,
			);
			defaultConfigurationIsVisible = 0;
			defaultConfigurationName = Release;
		};
/* End XCConfigurationList section */
	};
	rootObject = 0D5D3C6228E8A17500B46EB5 /* Project object */;
}
